// !$*UTF8*$!
{
	archiveVersion = 1;
	classes = {
	};
	objectVersion = 50;
	objects = {

/* Begin PBXBuildFile section */
		448A6FD82498FFBD004CE44F /* IbanExtractor.swift in Sources */ = {isa = PBXBuildFile; fileRef = 448A6FD12498FFBD004CE44F /* IbanExtractor.swift */; };
		448A6FD92498FFBD004CE44F /* IbanHelper.swift in Sources */ = {isa = PBXBuildFile; fileRef = 448A6FD32498FFBD004CE44F /* IbanHelper.swift */; };
		448A6FDA2498FFBD004CE44F /* IbanHelperLength.swift in Sources */ = {isa = PBXBuildFile; fileRef = 448A6FD42498FFBD004CE44F /* IbanHelperLength.swift */; };
		448A6FDB2498FFBD004CE44F /* IbanHelperCountryIso.swift in Sources */ = {isa = PBXBuildFile; fileRef = 448A6FD52498FFBD004CE44F /* IbanHelperCountryIso.swift */; };
		448A6FDC2498FFBD004CE44F /* EmailExtractor.swift in Sources */ = {isa = PBXBuildFile; fileRef = 448A6FD72498FFBD004CE44F /* EmailExtractor.swift */; };
		448A6FE22498FFE1004CE44F /* TextRecognizer.swift in Sources */ = {isa = PBXBuildFile; fileRef = 448A6FDE2498FFE1004CE44F /* TextRecognizer.swift */; };
		448A6FE32498FFE1004CE44F /* TextRecognizerConfig.swift in Sources */ = {isa = PBXBuildFile; fileRef = 448A6FDF2498FFE1004CE44F /* TextRecognizerConfig.swift */; };
		448A6FE42498FFE1004CE44F /* TextRecognizerResult.swift in Sources */ = {isa = PBXBuildFile; fileRef = 448A6FE02498FFE1004CE44F /* TextRecognizerResult.swift */; };
		448A6FE52498FFE1004CE44F /* TextRecognizing.swift in Sources */ = {isa = PBXBuildFile; fileRef = 448A6FE12498FFE1004CE44F /* TextRecognizing.swift */; };
		448A6FE72499000B004CE44F /* ValueExtracting.swift in Sources */ = {isa = PBXBuildFile; fileRef = 448A6FE62499000B004CE44F /* ValueExtracting.swift */; };
		449776AE2497B70C009BF942 /* IBScanner.h in Headers */ = {isa = PBXBuildFile; fileRef = 449776AC2497B70C009BF942 /* IBScanner.h */; settings = {ATTRIBUTES = (Public, ); }; };
		449777092497B863009BF942 /* EmailExample.PNG in Resources */ = {isa = PBXBuildFile; fileRef = 449777062497B863009BF942 /* EmailExample.PNG */; };
		4497770A2497B863009BF942 /* MultipleIdsExample.PNG in Resources */ = {isa = PBXBuildFile; fileRef = 449777072497B863009BF942 /* MultipleIdsExample.PNG */; };
		4497770B2497B863009BF942 /* MultilineExample.PNG in Resources */ = {isa = PBXBuildFile; fileRef = 449777082497B863009BF942 /* MultilineExample.PNG */; };
		449777222497BBDE009BF942 /* README.md in Resources */ = {isa = PBXBuildFile; fileRef = 4497771F2497BBDE009BF942 /* README.md */; };
		449777232497BBDE009BF942 /* TomorrowIbanScanner.podspec in Resources */ = {isa = PBXBuildFile; fileRef = 449777202497BBDE009BF942 /* TomorrowIbanScanner.podspec */; };
		449777242497BBDE009BF942 /* LICENSE in Resources */ = {isa = PBXBuildFile; fileRef = 449777212497BBDE009BF942 /* LICENSE */; };
		4497772E2497C30A009BF942 /* IBScanner.framework in Frameworks */ = {isa = PBXBuildFile; fileRef = 449776A92497B70C009BF942 /* IBScanner.framework */; };
		4497773D2497C342009BF942 /* IbanExtractorTest.swift in Sources */ = {isa = PBXBuildFile; fileRef = 4497773B2497C342009BF942 /* IbanExtractorTest.swift */; };
		4497773E2497C342009BF942 /* EmailExtractorTest.swift in Sources */ = {isa = PBXBuildFile; fileRef = 4497773C2497C342009BF942 /* EmailExtractorTest.swift */; };
/* End PBXBuildFile section */

/* Begin PBXContainerItemProxy section */
		4497772F2497C30A009BF942 /* PBXContainerItemProxy */ = {
			isa = PBXContainerItemProxy;
			containerPortal = 449776A02497B70C009BF942 /* Project object */;
			proxyType = 1;
			remoteGlobalIDString = 449776A82497B70C009BF942;
			remoteInfo = IBScanner;
		};
/* End PBXContainerItemProxy section */

/* Begin PBXFileReference section */
		448A6FCC2498FF34004CE44F /* info.plist */ = {isa = PBXFileReference; lastKnownFileType = text.plist; path = info.plist; sourceTree = "<group>"; };
		448A6FD12498FFBD004CE44F /* IbanExtractor.swift */ = {isa = PBXFileReference; fileEncoding = 4; lastKnownFileType = sourcecode.swift; path = IbanExtractor.swift; sourceTree = "<group>"; };
		448A6FD32498FFBD004CE44F /* IbanHelper.swift */ = {isa = PBXFileReference; fileEncoding = 4; lastKnownFileType = sourcecode.swift; path = IbanHelper.swift; sourceTree = "<group>"; };
		448A6FD42498FFBD004CE44F /* IbanHelperLength.swift */ = {isa = PBXFileReference; fileEncoding = 4; lastKnownFileType = sourcecode.swift; path = IbanHelperLength.swift; sourceTree = "<group>"; };
		448A6FD52498FFBD004CE44F /* IbanHelperCountryIso.swift */ = {isa = PBXFileReference; fileEncoding = 4; lastKnownFileType = sourcecode.swift; path = IbanHelperCountryIso.swift; sourceTree = "<group>"; };
		448A6FD72498FFBD004CE44F /* EmailExtractor.swift */ = {isa = PBXFileReference; fileEncoding = 4; lastKnownFileType = sourcecode.swift; path = EmailExtractor.swift; sourceTree = "<group>"; };
		448A6FDE2498FFE1004CE44F /* TextRecognizer.swift */ = {isa = PBXFileReference; fileEncoding = 4; lastKnownFileType = sourcecode.swift; path = TextRecognizer.swift; sourceTree = "<group>"; };
		448A6FDF2498FFE1004CE44F /* TextRecognizerConfig.swift */ = {isa = PBXFileReference; fileEncoding = 4; lastKnownFileType = sourcecode.swift; path = TextRecognizerConfig.swift; sourceTree = "<group>"; };
		448A6FE02498FFE1004CE44F /* TextRecognizerResult.swift */ = {isa = PBXFileReference; fileEncoding = 4; lastKnownFileType = sourcecode.swift; path = TextRecognizerResult.swift; sourceTree = "<group>"; };
		448A6FE12498FFE1004CE44F /* TextRecognizing.swift */ = {isa = PBXFileReference; fileEncoding = 4; lastKnownFileType = sourcecode.swift; path = TextRecognizing.swift; sourceTree = "<group>"; };
		448A6FE62499000B004CE44F /* ValueExtracting.swift */ = {isa = PBXFileReference; fileEncoding = 4; lastKnownFileType = sourcecode.swift; path = ValueExtracting.swift; sourceTree = "<group>"; };
		449776A92497B70C009BF942 /* IBScanner.framework */ = {isa = PBXFileReference; explicitFileType = wrapper.framework; includeInIndex = 0; path = IBScanner.framework; sourceTree = BUILT_PRODUCTS_DIR; };
		449776AC2497B70C009BF942 /* IBScanner.h */ = {isa = PBXFileReference; lastKnownFileType = sourcecode.c.h; path = IBScanner.h; sourceTree = "<group>"; };
		449777062497B863009BF942 /* EmailExample.PNG */ = {isa = PBXFileReference; lastKnownFileType = image.png; path = EmailExample.PNG; sourceTree = "<group>"; };
		449777072497B863009BF942 /* MultipleIdsExample.PNG */ = {isa = PBXFileReference; lastKnownFileType = image.png; path = MultipleIdsExample.PNG; sourceTree = "<group>"; };
		449777082497B863009BF942 /* MultilineExample.PNG */ = {isa = PBXFileReference; lastKnownFileType = image.png; path = MultilineExample.PNG; sourceTree = "<group>"; };
		4497771F2497BBDE009BF942 /* README.md */ = {isa = PBXFileReference; fileEncoding = 4; lastKnownFileType = net.daringfireball.markdown; name = README.md; path = ../README.md; sourceTree = "<group>"; };
		449777202497BBDE009BF942 /* TomorrowIbanScanner.podspec */ = {isa = PBXFileReference; fileEncoding = 4; lastKnownFileType = text; name = TomorrowIbanScanner.podspec; path = ../TomorrowIbanScanner.podspec; sourceTree = "<group>"; };
		449777212497BBDE009BF942 /* LICENSE */ = {isa = PBXFileReference; fileEncoding = 4; lastKnownFileType = text; name = LICENSE; path = ../LICENSE; sourceTree = "<group>"; };
		449777292497C30A009BF942 /* IBScannerTests.xctest */ = {isa = PBXFileReference; explicitFileType = wrapper.cfbundle; includeInIndex = 0; path = IBScannerTests.xctest; sourceTree = BUILT_PRODUCTS_DIR; };
		4497772D2497C30A009BF942 /* Info.plist */ = {isa = PBXFileReference; lastKnownFileType = text.plist.xml; path = Info.plist; sourceTree = "<group>"; };
		4497773B2497C342009BF942 /* IbanExtractorTest.swift */ = {isa = PBXFileReference; fileEncoding = 4; lastKnownFileType = sourcecode.swift; path = IbanExtractorTest.swift; sourceTree = "<group>"; };
		4497773C2497C342009BF942 /* EmailExtractorTest.swift */ = {isa = PBXFileReference; fileEncoding = 4; lastKnownFileType = sourcecode.swift; path = EmailExtractorTest.swift; sourceTree = "<group>"; };
/* End PBXFileReference section */

/* Begin PBXFrameworksBuildPhase section */
		449776A62497B70C009BF942 /* Frameworks */ = {
			isa = PBXFrameworksBuildPhase;
			buildActionMask = 2147483647;
			files = (
			);
			runOnlyForDeploymentPostprocessing = 0;
		};
		449777262497C30A009BF942 /* Frameworks */ = {
			isa = PBXFrameworksBuildPhase;
			buildActionMask = 2147483647;
			files = (
				4497772E2497C30A009BF942 /* IBScanner.framework in Frameworks */,
			);
			runOnlyForDeploymentPostprocessing = 0;
		};
/* End PBXFrameworksBuildPhase section */

/* Begin PBXGroup section */
		448A6FCE2498FF72004CE44F /* Supporting */ = {
			isa = PBXGroup;
			children = (
				448A6FCC2498FF34004CE44F /* info.plist */,
			);
			name = Supporting;
			sourceTree = "<group>";
		};
		448A6FCF2498FFBD004CE44F /* ValueExtractor */ = {
			isa = PBXGroup;
			children = (
				448A6FE62499000B004CE44F /* ValueExtracting.swift */,
				448A6FD02498FFBD004CE44F /* Iban */,
				448A6FD62498FFBD004CE44F /* Email */,
			);
			path = ValueExtractor;
			sourceTree = "<group>";
		};
		448A6FD02498FFBD004CE44F /* Iban */ = {
			isa = PBXGroup;
			children = (
				448A6FD12498FFBD004CE44F /* IbanExtractor.swift */,
				448A6FD22498FFBD004CE44F /* Helper */,
			);
			path = Iban;
			sourceTree = "<group>";
		};
		448A6FD22498FFBD004CE44F /* Helper */ = {
			isa = PBXGroup;
			children = (
				448A6FD32498FFBD004CE44F /* IbanHelper.swift */,
				448A6FD42498FFBD004CE44F /* IbanHelperLength.swift */,
				448A6FD52498FFBD004CE44F /* IbanHelperCountryIso.swift */,
			);
			path = Helper;
			sourceTree = "<group>";
		};
		448A6FD62498FFBD004CE44F /* Email */ = {
			isa = PBXGroup;
			children = (
				448A6FD72498FFBD004CE44F /* EmailExtractor.swift */,
			);
			path = Email;
			sourceTree = "<group>";
		};
		448A6FDD2498FFE1004CE44F /* TextRecognizer */ = {
			isa = PBXGroup;
			children = (
				448A6FDE2498FFE1004CE44F /* TextRecognizer.swift */,
				448A6FDF2498FFE1004CE44F /* TextRecognizerConfig.swift */,
				448A6FE02498FFE1004CE44F /* TextRecognizerResult.swift */,
				448A6FE12498FFE1004CE44F /* TextRecognizing.swift */,
			);
			path = TextRecognizer;
			sourceTree = "<group>";
		};
		4497769F2497B70C009BF942 = {
			isa = PBXGroup;
			children = (
				4497771E2497BBD5009BF942 /* Deployment */,
				449777052497B863009BF942 /* Screenshots */,
				449776AB2497B70C009BF942 /* IBScanner */,
				4497772A2497C30A009BF942 /* IBScannerTests */,
				449776AA2497B70C009BF942 /* Products */,
				448A6FCE2498FF72004CE44F /* Supporting */,
			);
			sourceTree = "<group>";
		};
		449776AA2497B70C009BF942 /* Products */ = {
			isa = PBXGroup;
			children = (
				449776A92497B70C009BF942 /* IBScanner.framework */,
				449777292497C30A009BF942 /* IBScannerTests.xctest */,
			);
			name = Products;
			sourceTree = "<group>";
		};
		449776AB2497B70C009BF942 /* IBScanner */ = {
			isa = PBXGroup;
			children = (
				449776B42497B740009BF942 /* Source */,
				449776AC2497B70C009BF942 /* IBScanner.h */,
			);
			path = IBScanner;
			sourceTree = "<group>";
		};
		449776B42497B740009BF942 /* Source */ = {
			isa = PBXGroup;
			children = (
				448A6FDD2498FFE1004CE44F /* TextRecognizer */,
				448A6FCF2498FFBD004CE44F /* ValueExtractor */,
			);
			path = Source;
			sourceTree = "<group>";
		};
		449777052497B863009BF942 /* Screenshots */ = {
			isa = PBXGroup;
			children = (
				449777062497B863009BF942 /* EmailExample.PNG */,
				449777072497B863009BF942 /* MultipleIdsExample.PNG */,
				449777082497B863009BF942 /* MultilineExample.PNG */,
			);
			name = Screenshots;
			path = ../Screenshots;
			sourceTree = "<group>";
		};
		4497771E2497BBD5009BF942 /* Deployment */ = {
			isa = PBXGroup;
			children = (
				449777212497BBDE009BF942 /* LICENSE */,
				4497771F2497BBDE009BF942 /* README.md */,
				449777202497BBDE009BF942 /* TomorrowIbanScanner.podspec */,
			);
			name = Deployment;
			sourceTree = "<group>";
		};
		4497772A2497C30A009BF942 /* IBScannerTests */ = {
			isa = PBXGroup;
			children = (
				4497773C2497C342009BF942 /* EmailExtractorTest.swift */,
				4497773B2497C342009BF942 /* IbanExtractorTest.swift */,
				4497772D2497C30A009BF942 /* Info.plist */,
			);
			path = IBScannerTests;
			sourceTree = "<group>";
		};
/* End PBXGroup section */

/* Begin PBXHeadersBuildPhase section */
		449776A42497B70C009BF942 /* Headers */ = {
			isa = PBXHeadersBuildPhase;
			buildActionMask = 2147483647;
			files = (
				449776AE2497B70C009BF942 /* IBScanner.h in Headers */,
			);
			runOnlyForDeploymentPostprocessing = 0;
		};
/* End PBXHeadersBuildPhase section */

/* Begin PBXNativeTarget section */
		449776A82497B70C009BF942 /* IBScanner */ = {
			isa = PBXNativeTarget;
			buildConfigurationList = 449776B12497B70C009BF942 /* Build configuration list for PBXNativeTarget "IBScanner" */;
			buildPhases = (
				449776A42497B70C009BF942 /* Headers */,
				449776A52497B70C009BF942 /* Sources */,
				449776A62497B70C009BF942 /* Frameworks */,
				449776A72497B70C009BF942 /* Resources */,
			);
			buildRules = (
			);
			dependencies = (
			);
			name = IBScanner;
			productName = IBScanner;
			productReference = 449776A92497B70C009BF942 /* IBScanner.framework */;
			productType = "com.apple.product-type.framework";
		};
		449777282497C30A009BF942 /* IBScannerTests */ = {
			isa = PBXNativeTarget;
			buildConfigurationList = 449777312497C30A009BF942 /* Build configuration list for PBXNativeTarget "IBScannerTests" */;
			buildPhases = (
				449777252497C30A009BF942 /* Sources */,
				449777262497C30A009BF942 /* Frameworks */,
				449777272497C30A009BF942 /* Resources */,
			);
			buildRules = (
			);
			dependencies = (
				449777302497C30A009BF942 /* PBXTargetDependency */,
			);
			name = IBScannerTests;
			productName = IBScannerTests;
			productReference = 449777292497C30A009BF942 /* IBScannerTests.xctest */;
			productType = "com.apple.product-type.bundle.unit-test";
		};
/* End PBXNativeTarget section */

/* Begin PBXProject section */
		449776A02497B70C009BF942 /* Project object */ = {
			isa = PBXProject;
			attributes = {
				LastSwiftUpdateCheck = 1150;
				LastUpgradeCheck = 1150;
				ORGANIZATIONNAME = "Pavel Stepanov";
				TargetAttributes = {
					449776A82497B70C009BF942 = {
						CreatedOnToolsVersion = 11.5;
					};
					449777282497C30A009BF942 = {
						CreatedOnToolsVersion = 11.5;
						LastSwiftMigration = 1150;
					};
				};
			};
			buildConfigurationList = 449776A32497B70C009BF942 /* Build configuration list for PBXProject "IBScanner" */;
			compatibilityVersion = "Xcode 9.3";
			developmentRegion = en;
			hasScannedForEncodings = 0;
			knownRegions = (
				en,
				Base,
			);
			mainGroup = 4497769F2497B70C009BF942;
			productRefGroup = 449776AA2497B70C009BF942 /* Products */;
			projectDirPath = "";
			projectRoot = "";
			targets = (
				449776A82497B70C009BF942 /* IBScanner */,
				449777282497C30A009BF942 /* IBScannerTests */,
			);
		};
/* End PBXProject section */

/* Begin PBXResourcesBuildPhase section */
		449776A72497B70C009BF942 /* Resources */ = {
			isa = PBXResourcesBuildPhase;
			buildActionMask = 2147483647;
			files = (
				449777242497BBDE009BF942 /* LICENSE in Resources */,
				4497770B2497B863009BF942 /* MultilineExample.PNG in Resources */,
				449777092497B863009BF942 /* EmailExample.PNG in Resources */,
				449777222497BBDE009BF942 /* README.md in Resources */,
				449777232497BBDE009BF942 /* TomorrowIbanScanner.podspec in Resources */,
				4497770A2497B863009BF942 /* MultipleIdsExample.PNG in Resources */,
			);
			runOnlyForDeploymentPostprocessing = 0;
		};
		449777272497C30A009BF942 /* Resources */ = {
			isa = PBXResourcesBuildPhase;
			buildActionMask = 2147483647;
			files = (
			);
			runOnlyForDeploymentPostprocessing = 0;
		};
/* End PBXResourcesBuildPhase section */

/* Begin PBXSourcesBuildPhase section */
		449776A52497B70C009BF942 /* Sources */ = {
			isa = PBXSourcesBuildPhase;
			buildActionMask = 2147483647;
			files = (
				448A6FD82498FFBD004CE44F /* IbanExtractor.swift in Sources */,
				448A6FE42498FFE1004CE44F /* TextRecognizerResult.swift in Sources */,
				448A6FE72499000B004CE44F /* ValueExtracting.swift in Sources */,
				448A6FDC2498FFBD004CE44F /* EmailExtractor.swift in Sources */,
				448A6FE32498FFE1004CE44F /* TextRecognizerConfig.swift in Sources */,
				448A6FD92498FFBD004CE44F /* IbanHelper.swift in Sources */,
				448A6FDB2498FFBD004CE44F /* IbanHelperCountryIso.swift in Sources */,
				448A6FE22498FFE1004CE44F /* TextRecognizer.swift in Sources */,
				448A6FDA2498FFBD004CE44F /* IbanHelperLength.swift in Sources */,
				448A6FE52498FFE1004CE44F /* TextRecognizing.swift in Sources */,
			);
			runOnlyForDeploymentPostprocessing = 0;
		};
		449777252497C30A009BF942 /* Sources */ = {
			isa = PBXSourcesBuildPhase;
			buildActionMask = 2147483647;
			files = (
				4497773D2497C342009BF942 /* IbanExtractorTest.swift in Sources */,
				4497773E2497C342009BF942 /* EmailExtractorTest.swift in Sources */,
			);
			runOnlyForDeploymentPostprocessing = 0;
		};
/* End PBXSourcesBuildPhase section */

/* Begin PBXTargetDependency section */
		449777302497C30A009BF942 /* PBXTargetDependency */ = {
			isa = PBXTargetDependency;
			target = 449776A82497B70C009BF942 /* IBScanner */;
			targetProxy = 4497772F2497C30A009BF942 /* PBXContainerItemProxy */;
		};
/* End PBXTargetDependency section */

/* Begin XCBuildConfiguration section */
		449776AF2497B70C009BF942 /* Debug */ = {
			isa = XCBuildConfiguration;
			buildSettings = {
				ALWAYS_SEARCH_USER_PATHS = NO;
				CLANG_ANALYZER_NONNULL = YES;
				CLANG_ANALYZER_NUMBER_OBJECT_CONVERSION = YES_AGGRESSIVE;
				CLANG_CXX_LANGUAGE_STANDARD = "gnu++14";
				CLANG_CXX_LIBRARY = "libc++";
				CLANG_ENABLE_MODULES = YES;
				CLANG_ENABLE_OBJC_ARC = YES;
				CLANG_ENABLE_OBJC_WEAK = YES;
				CLANG_WARN_BLOCK_CAPTURE_AUTORELEASING = YES;
				CLANG_WARN_BOOL_CONVERSION = YES;
				CLANG_WARN_COMMA = YES;
				CLANG_WARN_CONSTANT_CONVERSION = YES;
				CLANG_WARN_DEPRECATED_OBJC_IMPLEMENTATIONS = YES;
				CLANG_WARN_DIRECT_OBJC_ISA_USAGE = YES_ERROR;
				CLANG_WARN_DOCUMENTATION_COMMENTS = YES;
				CLANG_WARN_EMPTY_BODY = YES;
				CLANG_WARN_ENUM_CONVERSION = YES;
				CLANG_WARN_INFINITE_RECURSION = YES;
				CLANG_WARN_INT_CONVERSION = YES;
				CLANG_WARN_NON_LITERAL_NULL_CONVERSION = YES;
				CLANG_WARN_OBJC_IMPLICIT_RETAIN_SELF = YES;
				CLANG_WARN_OBJC_LITERAL_CONVERSION = YES;
				CLANG_WARN_OBJC_ROOT_CLASS = YES_ERROR;
				CLANG_WARN_RANGE_LOOP_ANALYSIS = YES;
				CLANG_WARN_STRICT_PROTOTYPES = YES;
				CLANG_WARN_SUSPICIOUS_MOVE = YES;
				CLANG_WARN_UNGUARDED_AVAILABILITY = YES_AGGRESSIVE;
				CLANG_WARN_UNREACHABLE_CODE = YES;
				CLANG_WARN__DUPLICATE_METHOD_MATCH = YES;
				COPY_PHASE_STRIP = NO;
				CURRENT_PROJECT_VERSION = 1;
				DEBUG_INFORMATION_FORMAT = dwarf;
				ENABLE_STRICT_OBJC_MSGSEND = YES;
				ENABLE_TESTABILITY = YES;
				GCC_C_LANGUAGE_STANDARD = gnu11;
				GCC_DYNAMIC_NO_PIC = NO;
				GCC_NO_COMMON_BLOCKS = YES;
				GCC_OPTIMIZATION_LEVEL = 0;
				GCC_PREPROCESSOR_DEFINITIONS = (
					"DEBUG=1",
					"$(inherited)",
				);
				GCC_WARN_64_TO_32_BIT_CONVERSION = YES;
				GCC_WARN_ABOUT_RETURN_TYPE = YES_ERROR;
				GCC_WARN_UNDECLARED_SELECTOR = YES;
				GCC_WARN_UNINITIALIZED_AUTOS = YES_AGGRESSIVE;
				GCC_WARN_UNUSED_FUNCTION = YES;
				GCC_WARN_UNUSED_VARIABLE = YES;
				IPHONEOS_DEPLOYMENT_TARGET = 13.0;
				MTL_ENABLE_DEBUG_INFO = INCLUDE_SOURCE;
				MTL_FAST_MATH = YES;
				ONLY_ACTIVE_ARCH = YES;
				SDKROOT = iphoneos;
				SWIFT_ACTIVE_COMPILATION_CONDITIONS = DEBUG;
				SWIFT_OPTIMIZATION_LEVEL = "-Onone";
				VERSIONING_SYSTEM = "apple-generic";
				VERSION_INFO_PREFIX = "";
			};
			name = Debug;
		};
		449776B02497B70C009BF942 /* Release */ = {
			isa = XCBuildConfiguration;
			buildSettings = {
				ALWAYS_SEARCH_USER_PATHS = NO;
				CLANG_ANALYZER_NONNULL = YES;
				CLANG_ANALYZER_NUMBER_OBJECT_CONVERSION = YES_AGGRESSIVE;
				CLANG_CXX_LANGUAGE_STANDARD = "gnu++14";
				CLANG_CXX_LIBRARY = "libc++";
				CLANG_ENABLE_MODULES = YES;
				CLANG_ENABLE_OBJC_ARC = YES;
				CLANG_ENABLE_OBJC_WEAK = YES;
				CLANG_WARN_BLOCK_CAPTURE_AUTORELEASING = YES;
				CLANG_WARN_BOOL_CONVERSION = YES;
				CLANG_WARN_COMMA = YES;
				CLANG_WARN_CONSTANT_CONVERSION = YES;
				CLANG_WARN_DEPRECATED_OBJC_IMPLEMENTATIONS = YES;
				CLANG_WARN_DIRECT_OBJC_ISA_USAGE = YES_ERROR;
				CLANG_WARN_DOCUMENTATION_COMMENTS = YES;
				CLANG_WARN_EMPTY_BODY = YES;
				CLANG_WARN_ENUM_CONVERSION = YES;
				CLANG_WARN_INFINITE_RECURSION = YES;
				CLANG_WARN_INT_CONVERSION = YES;
				CLANG_WARN_NON_LITERAL_NULL_CONVERSION = YES;
				CLANG_WARN_OBJC_IMPLICIT_RETAIN_SELF = YES;
				CLANG_WARN_OBJC_LITERAL_CONVERSION = YES;
				CLANG_WARN_OBJC_ROOT_CLASS = YES_ERROR;
				CLANG_WARN_RANGE_LOOP_ANALYSIS = YES;
				CLANG_WARN_STRICT_PROTOTYPES = YES;
				CLANG_WARN_SUSPICIOUS_MOVE = YES;
				CLANG_WARN_UNGUARDED_AVAILABILITY = YES_AGGRESSIVE;
				CLANG_WARN_UNREACHABLE_CODE = YES;
				CLANG_WARN__DUPLICATE_METHOD_MATCH = YES;
				COPY_PHASE_STRIP = NO;
				CURRENT_PROJECT_VERSION = 1;
				DEBUG_INFORMATION_FORMAT = "dwarf-with-dsym";
				ENABLE_NS_ASSERTIONS = NO;
				ENABLE_STRICT_OBJC_MSGSEND = YES;
				GCC_C_LANGUAGE_STANDARD = gnu11;
				GCC_NO_COMMON_BLOCKS = YES;
				GCC_WARN_64_TO_32_BIT_CONVERSION = YES;
				GCC_WARN_ABOUT_RETURN_TYPE = YES_ERROR;
				GCC_WARN_UNDECLARED_SELECTOR = YES;
				GCC_WARN_UNINITIALIZED_AUTOS = YES_AGGRESSIVE;
				GCC_WARN_UNUSED_FUNCTION = YES;
				GCC_WARN_UNUSED_VARIABLE = YES;
				IPHONEOS_DEPLOYMENT_TARGET = 13.0;
				MTL_ENABLE_DEBUG_INFO = NO;
				MTL_FAST_MATH = YES;
				SDKROOT = iphoneos;
				SWIFT_COMPILATION_MODE = wholemodule;
				SWIFT_OPTIMIZATION_LEVEL = "-O";
				VALIDATE_PRODUCT = YES;
				VERSIONING_SYSTEM = "apple-generic";
				VERSION_INFO_PREFIX = "";
			};
			name = Release;
		};
		449776B22497B70C009BF942 /* Debug */ = {
			isa = XCBuildConfiguration;
			buildSettings = {
				CODE_SIGN_STYLE = Automatic;
				DEFINES_MODULE = YES;
				DEVELOPMENT_TEAM = 8GNUVHDS8K;
				DYLIB_COMPATIBILITY_VERSION = 1;
				DYLIB_CURRENT_VERSION = 1;
				DYLIB_INSTALL_NAME_BASE = "@rpath";
				INFOPLIST_FILE = Info.plist;
				INSTALL_PATH = "$(LOCAL_LIBRARY_DIR)/Frameworks";
				LD_RUNPATH_SEARCH_PATHS = (
					"$(inherited)",
					"@executable_path/Frameworks",
					"@loader_path/Frameworks",
				);
				MARKETING_VERSION = 0.1.6;
				PRODUCT_BUNDLE_IDENTIFIER = com.tomorrow.ibanScanner.IBScanner;
				PRODUCT_NAME = "$(TARGET_NAME:c99extidentifier)";
				SKIP_INSTALL = YES;
				SWIFT_VERSION = 5.0;
				TARGETED_DEVICE_FAMILY = "1,2";
			};
			name = Debug;
		};
		449776B32497B70C009BF942 /* Release */ = {
			isa = XCBuildConfiguration;
			buildSettings = {
				CODE_SIGN_STYLE = Automatic;
				DEFINES_MODULE = YES;
				DEVELOPMENT_TEAM = 8GNUVHDS8K;
				DYLIB_COMPATIBILITY_VERSION = 1;
				DYLIB_CURRENT_VERSION = 1;
				DYLIB_INSTALL_NAME_BASE = "@rpath";
				INFOPLIST_FILE = Info.plist;
				INSTALL_PATH = "$(LOCAL_LIBRARY_DIR)/Frameworks";
				LD_RUNPATH_SEARCH_PATHS = (
					"$(inherited)",
					"@executable_path/Frameworks",
					"@loader_path/Frameworks",
				);
				MARKETING_VERSION = 0.1.6;
				PRODUCT_BUNDLE_IDENTIFIER = com.tomorrow.ibanScanner.IBScanner;
				PRODUCT_NAME = "$(TARGET_NAME:c99extidentifier)";
				SKIP_INSTALL = YES;
				SWIFT_VERSION = 5.0;
				TARGETED_DEVICE_FAMILY = "1,2";
			};
			name = Release;
		};
		449777322497C30A009BF942 /* Debug */ = {
			isa = XCBuildConfiguration;
			buildSettings = {
				ALWAYS_EMBED_SWIFT_STANDARD_LIBRARIES = YES;
				CLANG_ENABLE_MODULES = YES;
				CODE_SIGN_STYLE = Automatic;
				DEVELOPMENT_TEAM = 8GNUVHDS8K;
				INFOPLIST_FILE = IBScannerTests/Info.plist;
				IPHONEOS_DEPLOYMENT_TARGET = 13.5;
				LD_RUNPATH_SEARCH_PATHS = (
					"$(inherited)",
					"@executable_path/Frameworks",
					"@loader_path/Frameworks",
				);
				PRODUCT_BUNDLE_IDENTIFIER = com.tomorrow.ibanScanner.IBScannerTests;
				PRODUCT_NAME = "$(TARGET_NAME)";
				SWIFT_OPTIMIZATION_LEVEL = "-Onone";
				SWIFT_VERSION = 5.0;
				TARGETED_DEVICE_FAMILY = "1,2";
			};
			name = Debug;
		};
		449777332497C30A009BF942 /* Release */ = {
			isa = XCBuildConfiguration;
			buildSettings = {
				ALWAYS_EMBED_SWIFT_STANDARD_LIBRARIES = YES;
				CLANG_ENABLE_MODULES = YES;
				CODE_SIGN_STYLE = Automatic;
				DEVELOPMENT_TEAM = 8GNUVHDS8K;
				INFOPLIST_FILE = IBScannerTests/Info.plist;
				IPHONEOS_DEPLOYMENT_TARGET = 13.5;
				LD_RUNPATH_SEARCH_PATHS = (
					"$(inherited)",
					"@executable_path/Frameworks",
					"@loader_path/Frameworks",
				);
				PRODUCT_BUNDLE_IDENTIFIER = com.tomorrow.ibanScanner.IBScannerTests;
				PRODUCT_NAME = "$(TARGET_NAME)";
				SWIFT_VERSION = 5.0;
				TARGETED_DEVICE_FAMILY = "1,2";
			};
			name = Release;
		};
/* End XCBuildConfiguration section */

/* Begin XCConfigurationList section */
		449776A32497B70C009BF942 /* Build configuration list for PBXProject "IBScanner" */ = {
			isa = XCConfigurationList;
			buildConfigurations = (
				449776AF2497B70C009BF942 /* Debug */,
				449776B02497B70C009BF942 /* Release */,
			);
			defaultConfigurationIsVisible = 0;
			defaultConfigurationName = Release;
		};
		449776B12497B70C009BF942 /* Build configuration list for PBXNativeTarget "IBScanner" */ = {
			isa = XCConfigurationList;
			buildConfigurations = (
				449776B22497B70C009BF942 /* Debug */,
				449776B32497B70C009BF942 /* Release */,
			);
			defaultConfigurationIsVisible = 0;
			defaultConfigurationName = Release;
		};
		449777312497C30A009BF942 /* Build configuration list for PBXNativeTarget "IBScannerTests" */ = {
			isa = XCConfigurationList;
			buildConfigurations = (
				449777322497C30A009BF942 /* Debug */,
				449777332497C30A009BF942 /* Release */,
			);
			defaultConfigurationIsVisible = 0;
			defaultConfigurationName = Release;
		};
/* End XCConfigurationList section */
	};
	rootObject = 449776A02497B70C009BF942 /* Project object */;
}
